
Microsoft Visual Studio Solution File, Format Version 12.00
# Visual Studio Version 16
VisualStudioVersion = 16.0.31613.86
MinimumVisualStudioVersion = 10.0.40219.1
Project("{FAE04EC0-301F-11D3-BF4B-00C04F79EFBC}") = "PersonCarReactRouter.Web", "PersonCarReactRouter.Web\PersonCarReactRouter.Web.csproj", "{210FCE6A-16EA-44B5-8053-0458A89157BE}"
EndProject
Project("{FAE04EC0-301F-11D3-BF4B-00C04F79EFBC}") = "PersonCarReactRouter.Data", "PersonCarReactRouter.Data\PersonCarReactRouter.Data.csproj", "{F64E8DD5-A4C1-47BC-ADAC-7D3A6673A452}"
EndProject
Global
	GlobalSection(SolutionConfigurationPlatforms) = preSolution
		Debug|Any CPU = Debug|Any CPU
		Release|Any CPU = Release|Any CPU
	EndGlobalSection
	GlobalSection(ProjectConfigurationPlatforms) = postSolution
		{210FCE6A-16EA-44B5-8053-0458A89157BE}.Debug|Any CPU.ActiveCfg = Debug|Any CPU
		{210FCE6A-16EA-44B5-8053-0458A89157BE}.Debug|Any CPU.Build.0 = Debug|Any CPU
		{210FCE6A-16EA-44B5-8053-0458A89157BE}.Release|Any CPU.ActiveCfg = Release|Any CPU
		{210FCE6A-16EA-44B5-8053-0458A89157BE}.Release|Any CPU.Build.0 = Release|Any CPU
		{F64E8DD5-A4C1-47BC-ADAC-7D3A6673A452}.Debug|Any CPU.ActiveCfg = Debug|Any CPU
		{F64E8DD5-A4C1-47BC-ADAC-7D3A6673A452}.Debug|Any CPU.Build.0 = Debug|Any CPU
		{F64E8DD5-A4C1-47BC-ADAC-7D3A6673A452}.Release|Any CPU.ActiveCfg = Release|Any CPU
		{F64E8DD5-A4C1-47BC-ADAC-7D3A6673A452}.Release|Any CPU.Build.0 = Release|Any CPU
	EndGlobalSection
	GlobalSection(SolutionProperties) = preSolution
		HideSolutionNode = FALSE
	EndGlobalSection
	GlobalSection(ExtensibilityGlobals) = postSolution
		SolutionGuid = {AE45B07F-DAC5-448D-900C-0F1940B5F557}
	EndGlobalSection
EndGlobal
